{
  "requires": true,
  "lockfileVersion": 1,
  "dependencies": {
    "bowser": {
      "version": "2.7.0",
      "resolved": "https://registry.npmjs.org/bowser/-/bowser-2.7.0.tgz",
      "integrity": "sha512-aIlMvstvu8x+34KEiOHD3AsBgdrzg6sxALYiukOWhFvGMbQI6TRP/iY0LMhUrHs56aD6P1G0Z7h45PUJaa5m9w==",
      "dev": true
    },
    "camelize": {
      "version": "1.0.0",
      "resolved": "https://registry.npmjs.org/camelize/-/camelize-1.0.0.tgz",
      "integrity": "sha1-FkpUg+Yw+kMh5a8HAg5TGDGyYJs=",
      "dev": true
    },
    "content-security-policy-builder": {
      "version": "2.1.0",
      "resolved": "https://registry.npmjs.org/content-security-policy-builder/-/content-security-policy-builder-2.1.0.tgz",
      "integrity": "sha512-/MtLWhJVvJNkA9dVLAp6fg9LxD2gfI6R2Fi1hPmfjYXSahJJzcfvoeDOxSyp4NvxMuwWv3WMssE9o31DoULHrQ==",
      "dev": true
    },
    "dasherize": {
      "version": "2.0.0",
      "resolved": "https://registry.npmjs.org/dasherize/-/dasherize-2.0.0.tgz",
      "integrity": "sha1-bYCcnNDPe7iVLYD8hPoT1H3bEwg=",
      "dev": true
    },
    "helmet-csp": {
      "version": "2.9.4",
      "resolved": "https://registry.npmjs.org/helmet-csp/-/helmet-csp-2.9.4.tgz",
      "integrity": "sha512-qUgGx8+yk7Xl8XFEGI4MFu1oNmulxhQVTlV8HP8tV3tpfslCs30OZz/9uQqsWPvDISiu/NwrrCowsZBhFADYqg==",
      "dev": true,
      "requires": {
        "bowser": "^2.7.0",
        "camelize": "1.0.0",
        "content-security-policy-builder": "2.1.0",
        "dasherize": "2.0.0"
      }
    }
  }
}
