{
  "requires": true,
  "lockfileVersion": 1,
  "dependencies": {
    "@types/domhandler": {
      "version": "2.4.1",
      "resolved": "https://registry.npmjs.org/@types/domhandler/-/domhandler-2.4.1.tgz",
      "integrity": "sha512-cfBw6q6tT5sa1gSPFSRKzF/xxYrrmeiut7E0TxNBObiLSBTuFEHibcfEe3waQPEDbqBsq+ql/TOniw65EyDFMA==",
      "dev": true
    },
    "@types/domutils": {
      "version": "1.7.2",
      "resolved": "https://registry.npmjs.org/@types/domutils/-/domutils-1.7.2.tgz",
      "integrity": "sha512-Nnwy1Ztwq42SSNSZSh9EXBJGrOZPR+PQ2sRT4VZy8hnsFXfCil7YlKO2hd2360HyrtFz2qwnKQ13ENrgXNxJbw==",
      "dev": true,
      "requires": {
        "@types/domhandler": "*"
      }
    },
    "@types/htmlparser2": {
      "version": "3.10.1",
      "resolved": "https://registry.npmjs.org/@types/htmlparser2/-/htmlparser2-3.10.1.tgz",
      "integrity": "sha512-fCxmHS4ryCUCfV9+CJZY1UjkbR+6Al/EQdX5Jh03qBj9gdlPG5q+7uNoDgE/ZNXb3XNWSAQgqKIWnbRCbOyyWA==",
      "dev": true,
      "requires": {
        "@types/domhandler": "*",
        "@types/domutils": "*",
        "@types/node": "*"
      }
    },
    "@types/node": {
      "version": "13.11.1",
      "resolved": "https://registry.npmjs.org/@types/node/-/node-13.11.1.tgz",
      "integrity": "sha512-eWQGP3qtxwL8FGneRrC5DwrJLGN4/dH1clNTuLfN81HCrxVtxRjygDTUoZJ5ASlDEeo0ppYFQjQIlXhtXpOn6g==",
      "dev": true
    },
    "@types/sanitize-html": {
      "version": "1.22.0",
      "resolved": "https://registry.npmjs.org/@types/sanitize-html/-/sanitize-html-1.22.0.tgz",
      "integrity": "sha512-zRtkG+Z9ikdEyIQL6ZouqZIPWnzoioJxgxAUFOc91f+nC8yB4GOMzGpy9V3WYfmkjaVNL4zlsycwHWykFq1HNg==",
      "dev": true,
      "requires": {
        "@types/htmlparser2": "*"
      }
    },
    "ngx-perfect-scrollbar": {
      "version": "8.0.0",
      "resolved": "https://registry.npmjs.org/ngx-perfect-scrollbar/-/ngx-perfect-scrollbar-8.0.0.tgz",
      "integrity": "sha512-IXoFbULQnxyJj0gdCcKCLE/6OW9HCP9KARzMCKS1kNxTuzG4DghjM2AaCBRM5/sFwdbn6rqOKMCINtHA8W8YCA==",
      "requires": {
        "perfect-scrollbar": "^1.4.0",
        "resize-observer-polyfill": "^1.5.0"
      }
    },
    "perfect-scrollbar": {
      "version": "1.4.0",
      "resolved": "https://registry.npmjs.org/perfect-scrollbar/-/perfect-scrollbar-1.4.0.tgz",
      "integrity": "sha512-/2Sk/khljhdrsamjJYS5NjrH+GKEHEwh7zFSiYyxROyYKagkE4kSn2zDQDRTOMo8mpT2jikxx6yI1dG7lNP/hw=="
    },
    "prettier": {
      "version": "1.19.1",
      "resolved": "https://registry.npmjs.org/prettier/-/prettier-1.19.1.tgz",
      "integrity": "sha512-s7PoyDv/II1ObgQunCbB9PdLmUcBZcnWOcxDh7O0N/UwDEsHyqkW+Qh28jW+mVuCdx7gLB0BotYI1Y6uI9iyew=="
    },
    "resize-observer-polyfill": {
      "version": "1.5.1",
      "resolved": "https://registry.npmjs.org/resize-observer-polyfill/-/resize-observer-polyfill-1.5.1.tgz",
      "integrity": "sha512-LwZrotdHOo12nQuZlHEmtuXdqGoOD0OhaxopaNFxWzInpEgaLWoVuAMbTzixuosCx2nEG58ngzW3vxdWoxIgdg=="
    }
  }
}
